// !$*UTF8*$!
{
	archiveVersion = 1;
	classes = {
	};
	objectVersion = 50;
	objects = {

/* Begin PBXBuildFile section */
		30AC54132484057000EE7FA4 /* ArticleViewModel.swift in Sources */ = {isa = PBXBuildFile; fileRef = 30AC54122484057000EE7FA4 /* ArticleViewModel.swift */; };
		30B545AA241A703200341D94 /* AppDelegate.swift in Sources */ = {isa = PBXBuildFile; fileRef = 30B545A9241A703200341D94 /* AppDelegate.swift */; };
		30B545AC241A703200341D94 /* SceneDelegate.swift in Sources */ = {isa = PBXBuildFile; fileRef = 30B545AB241A703200341D94 /* SceneDelegate.swift */; };
		30B545B1241A703200341D94 /* Main.storyboard in Resources */ = {isa = PBXBuildFile; fileRef = 30B545AF241A703200341D94 /* Main.storyboard */; };
		30B545B3241A703400341D94 /* Assets.xcassets in Resources */ = {isa = PBXBuildFile; fileRef = 30B545B2241A703400341D94 /* Assets.xcassets */; };
		30B545B6241A703400341D94 /* LaunchScreen.storyboard in Resources */ = {isa = PBXBuildFile; fileRef = 30B545B4241A703400341D94 /* LaunchScreen.storyboard */; };
		30B545C0241A709100341D94 /* NewsListTableViewController.swift in Sources */ = {isa = PBXBuildFile; fileRef = 30B545BF241A709100341D94 /* NewsListTableViewController.swift */; };
		30B545C3241AA4A600341D94 /* Webservice.swift in Sources */ = {isa = PBXBuildFile; fileRef = 30B545C2241AA4A600341D94 /* Webservice.swift */; };
		30B545C6241ABEE200341D94 /* Article.swift in Sources */ = {isa = PBXBuildFile; fileRef = 30B545C5241ABEE200341D94 /* Article.swift */; };
/* End PBXBuildFile section */

/* Begin PBXFileReference section */
		30AC54122484057000EE7FA4 /* ArticleViewModel.swift */ = {isa = PBXFileReference; lastKnownFileType = sourcecode.swift; path = ArticleViewModel.swift; sourceTree = "<group>"; };
		30B545A6241A703200341D94 /* NewsApp.app */ = {isa = PBXFileReference; explicitFileType = wrapper.application; includeInIndex = 0; path = NewsApp.app; sourceTree = BUILT_PRODUCTS_DIR; };
		30B545A9241A703200341D94 /* AppDelegate.swift */ = {isa = PBXFileReference; lastKnownFileType = sourcecode.swift; path = AppDelegate.swift; sourceTree = "<group>"; };
		30B545AB241A703200341D94 /* SceneDelegate.swift */ = {isa = PBXFileReference; lastKnownFileType = sourcecode.swift; path = SceneDelegate.swift; sourceTree = "<group>"; };
		30B545B0241A703200341D94 /* Base */ = {isa = PBXFileReference; lastKnownFileType = file.storyboard; name = Base; path = Base.lproj/Main.storyboard; sourceTree = "<group>"; };
		30B545B2241A703400341D94 /* Assets.xcassets */ = {isa = PBXFileReference; lastKnownFileType = folder.assetcatalog; path = Assets.xcassets; sourceTree = "<group>"; };
		30B545B5241A703400341D94 /* Base */ = {isa = PBXFileReference; lastKnownFileType = file.storyboard; name = Base; path = Base.lproj/LaunchScreen.storyboard; sourceTree = "<group>"; };
		30B545B7241A703400341D94 /* Info.plist */ = {isa = PBXFileReference; lastKnownFileType = text.plist.xml; path = Info.plist; sourceTree = "<group>"; };
		30B545BF241A709100341D94 /* NewsListTableViewController.swift */ = {isa = PBXFileReference; lastKnownFileType = sourcecode.swift; path = NewsListTableViewController.swift; sourceTree = "<group>"; };
		30B545C2241AA4A600341D94 /* Webservice.swift */ = {isa = PBXFileReference; lastKnownFileType = sourcecode.swift; path = Webservice.swift; sourceTree = "<group>"; };
		30B545C5241ABEE200341D94 /* Article.swift */ = {isa = PBXFileReference; lastKnownFileType = sourcecode.swift; path = Article.swift; sourceTree = "<group>"; };
/* End PBXFileReference section */

/* Begin PBXFrameworksBuildPhase section */
		30B545A3241A703200341D94 /* Frameworks */ = {
			isa = PBXFrameworksBuildPhase;
			buildActionMask = 2147483647;
			files = (
			);
			runOnlyForDeploymentPostprocessing = 0;
		};
/* End PBXFrameworksBuildPhase section */

/* Begin PBXGroup section */
		30AC54112484055A00EE7FA4 /* View Models */ = {
			isa = PBXGroup;
			children = (
				30AC54122484057000EE7FA4 /* ArticleViewModel.swift */,
			);
			path = "View Models";
			sourceTree = "<group>";
		};
		30B5459D241A703200341D94 = {
			isa = PBXGroup;
			children = (
				30B545A8241A703200341D94 /* NewsApp */,
				30B545A7241A703200341D94 /* Products */,
			);
			sourceTree = "<group>";
		};
		30B545A7241A703200341D94 /* Products */ = {
			isa = PBXGroup;
			children = (
				30B545A6241A703200341D94 /* NewsApp.app */,
			);
			name = Products;
			sourceTree = "<group>";
		};
		30B545A8241A703200341D94 /* NewsApp */ = {
			isa = PBXGroup;
			children = (
				30AC54112484055A00EE7FA4 /* View Models */,
				30B545C4241ABED600341D94 /* Model */,
				30B545C1241A824200341D94 /* Services */,
				30B545BD241A706000341D94 /* Controllers */,
				30B545A9241A703200341D94 /* AppDelegate.swift */,
				30B545AB241A703200341D94 /* SceneDelegate.swift */,
				30B545AF241A703200341D94 /* Main.storyboard */,
				30B545B2241A703400341D94 /* Assets.xcassets */,
				30B545B4241A703400341D94 /* LaunchScreen.storyboard */,
				30B545B7241A703400341D94 /* Info.plist */,
			);
			path = NewsApp;
			sourceTree = "<group>";
		};
		30B545BD241A706000341D94 /* Controllers */ = {
			isa = PBXGroup;
			children = (
				30B545BF241A709100341D94 /* NewsListTableViewController.swift */,
			);
			path = Controllers;
			sourceTree = "<group>";
		};
		30B545C1241A824200341D94 /* Services */ = {
			isa = PBXGroup;
			children = (
				30B545C2241AA4A600341D94 /* Webservice.swift */,
			);
			path = Services;
			sourceTree = "<group>";
		};
		30B545C4241ABED600341D94 /* Model */ = {
			isa = PBXGroup;
			children = (
				30B545C5241ABEE200341D94 /* Article.swift */,
			);
			path = Model;
			sourceTree = "<group>";
		};
/* End PBXGroup section */

/* Begin PBXNativeTarget section */
		30B545A5241A703200341D94 /* NewsApp */ = {
			isa = PBXNativeTarget;
			buildConfigurationList = 30B545BA241A703400341D94 /* Build configuration list for PBXNativeTarget "NewsApp" */;
			buildPhases = (
				30B545A2241A703200341D94 /* Sources */,
				30B545A3241A703200341D94 /* Frameworks */,
				30B545A4241A703200341D94 /* Resources */,
			);
			buildRules = (
			);
			dependencies = (
			);
			name = NewsApp;
			productName = NewsApp;
			productReference = 30B545A6241A703200341D94 /* NewsApp.app */;
			productType = "com.apple.product-type.application";
		};
/* End PBXNativeTarget section */

/* Begin PBXProject section */
		30B5459E241A703200341D94 /* Project object */ = {
			isa = PBXProject;
			attributes = {
				LastSwiftUpdateCheck = 1130;
				LastUpgradeCheck = 1130;
				ORGANIZATIONNAME = "Leandro Estrada";
				TargetAttributes = {
					30B545A5241A703200341D94 = {
						CreatedOnToolsVersion = 11.3;
					};
				};
			};
			buildConfigurationList = 30B545A1241A703200341D94 /* Build configuration list for PBXProject "NewsApp" */;
			compatibilityVersion = "Xcode 9.3";
			developmentRegion = en;
			hasScannedForEncodings = 0;
			knownRegions = (
				en,
				Base,
			);
			mainGroup = 30B5459D241A703200341D94;
			productRefGroup = 30B545A7241A703200341D94 /* Products */;
			projectDirPath = "";
			projectRoot = "";
			targets = (
				30B545A5241A703200341D94 /* NewsApp */,
			);
		};
/* End PBXProject section */

/* Begin PBXResourcesBuildPhase section */
		30B545A4241A703200341D94 /* Resources */ = {
			isa = PBXResourcesBuildPhase;
			buildActionMask = 2147483647;
			files = (
				30B545B6241A703400341D94 /* LaunchScreen.storyboard in Resources */,
				30B545B3241A703400341D94 /* Assets.xcassets in Resources */,
				30B545B1241A703200341D94 /* Main.storyboard in Resources */,
			);
			runOnlyForDeploymentPostprocessing = 0;
		};
/* End PBXResourcesBuildPhase section */

/* Begin PBXSourcesBuildPhase section */
		30B545A2241A703200341D94 /* Sources */ = {
			isa = PBXSourcesBuildPhase;
			buildActionMask = 2147483647;
			files = (
				30B545AA241A703200341D94 /* AppDelegate.swift in Sources */,
				30B545C0241A709100341D94 /* NewsListTableViewController.swift in Sources */,
				30B545C3241AA4A600341D94 /* Webservice.swift in Sources */,
				30AC54132484057000EE7FA4 /* ArticleViewModel.swift in Sources */,
				30B545AC241A703200341D94 /* SceneDelegate.swift in Sources */,
				30B545C6241ABEE200341D94 /* Article.swift in Sources */,
			);
			runOnlyForDeploymentPostprocessing = 0;
		};
/* End PBXSourcesBuildPhase section */

/* Begin PBXVariantGroup section */
		30B545AF241A703200341D94 /* Main.storyboard */ = {
			isa = PBXVariantGroup;
			children = (
				30B545B0241A703200341D94 /* Base */,
			);
			name = Main.storyboard;
			sourceTree = "<group>";
		};
		30B545B4241A703400341D94 /* LaunchScreen.storyboard */ = {
			isa = PBXVariantGroup;
			children = (
				30B545B5241A703400341D94 /* Base */,
			);
			name = LaunchScreen.storyboard;
			sourceTree = "<group>";
		};
/* End PBXVariantGroup section */

/* Begin XCBuildConfiguration section */
		30B545B8241A703400341D94 /* Debug */ = {
			isa = XCBuildConfiguration;
			buildSettings = {
				ALWAYS_SEARCH_USER_PATHS = NO;
				CLANG_ANALYZER_NONNULL = YES;
				CLANG_ANALYZER_NUMBER_OBJECT_CONVERSION = YES_AGGRESSIVE;
				CLANG_CXX_LANGUAGE_STANDARD = "gnu++14";
				CLANG_CXX_LIBRARY = "libc++";
				CLANG_ENABLE_MODULES = YES;
				CLANG_ENABLE_OBJC_ARC = YES;
				CLANG_ENABLE_OBJC_WEAK = YES;
				CLANG_WARN_BLOCK_CAPTURE_AUTORELEASING = YES;
				CLANG_WARN_BOOL_CONVERSION = YES;
				CLANG_WARN_COMMA = YES;
				CLANG_WARN_CONSTANT_CONVERSION = YES;
				CLANG_WARN_DEPRECATED_OBJC_IMPLEMENTATIONS = YES;
				CLANG_WARN_DIRECT_OBJC_ISA_USAGE = YES_ERROR;
				CLANG_WARN_DOCUMENTATION_COMMENTS = YES;
				CLANG_WARN_EMPTY_BODY = YES;
				CLANG_WARN_ENUM_CONVERSION = YES;
				CLANG_WARN_INFINITE_RECURSION = YES;
				CLANG_WARN_INT_CONVERSION = YES;
				CLANG_WARN_NON_LITERAL_NULL_CONVERSION = YES;
				CLANG_WARN_OBJC_IMPLICIT_RETAIN_SELF = YES;
				CLANG_WARN_OBJC_LITERAL_CONVERSION = YES;
				CLANG_WARN_OBJC_ROOT_CLASS = YES_ERROR;
				CLANG_WARN_RANGE_LOOP_ANALYSIS = YES;
				CLANG_WARN_STRICT_PROTOTYPES = YES;
				CLANG_WARN_SUSPICIOUS_MOVE = YES;
				CLANG_WARN_UNGUARDED_AVAILABILITY = YES_AGGRESSIVE;
				CLANG_WARN_UNREACHABLE_CODE = YES;
				CLANG_WARN__DUPLICATE_METHOD_MATCH = YES;
				COPY_PHASE_STRIP = NO;
				DEBUG_INFORMATION_FORMAT = dwarf;
				ENABLE_STRICT_OBJC_MSGSEND = YES;
				ENABLE_TESTABILITY = YES;
				GCC_C_LANGUAGE_STANDARD = gnu11;
				GCC_DYNAMIC_NO_PIC = NO;
				GCC_NO_COMMON_BLOCKS = YES;
				GCC_OPTIMIZATION_LEVEL = 0;
				GCC_PREPROCESSOR_DEFINITIONS = (
					"DEBUG=1",
					"$(inherited)",
				);
				GCC_WARN_64_TO_32_BIT_CONVERSION = YES;
				GCC_WARN_ABOUT_RETURN_TYPE = YES_ERROR;
				GCC_WARN_UNDECLARED_SELECTOR = YES;
				GCC_WARN_UNINITIALIZED_AUTOS = YES_AGGRESSIVE;
				GCC_WARN_UNUSED_FUNCTION = YES;
				GCC_WARN_UNUSED_VARIABLE = YES;
				IPHONEOS_DEPLOYMENT_TARGET = 13.2;
				MTL_ENABLE_DEBUG_INFO = INCLUDE_SOURCE;
				MTL_FAST_MATH = YES;
				ONLY_ACTIVE_ARCH = YES;
				SDKROOT = iphoneos;
				SWIFT_ACTIVE_COMPILATION_CONDITIONS = DEBUG;
				SWIFT_OPTIMIZATION_LEVEL = "-Onone";
			};
			name = Debug;
		};
		30B545B9241A703400341D94 /* Release */ = {
			isa = XCBuildConfiguration;
			buildSettings = {
				ALWAYS_SEARCH_USER_PATHS = NO;
				CLANG_ANALYZER_NONNULL = YES;
				CLANG_ANALYZER_NUMBER_OBJECT_CONVERSION = YES_AGGRESSIVE;
				CLANG_CXX_LANGUAGE_STANDARD = "gnu++14";
				CLANG_CXX_LIBRARY = "libc++";
				CLANG_ENABLE_MODULES = YES;
				CLANG_ENABLE_OBJC_ARC = YES;
				CLANG_ENABLE_OBJC_WEAK = YES;
				CLANG_WARN_BLOCK_CAPTURE_AUTORELEASING = YES;
				CLANG_WARN_BOOL_CONVERSION = YES;
				CLANG_WARN_COMMA = YES;
				CLANG_WARN_CONSTANT_CONVERSION = YES;
				CLANG_WARN_DEPRECATED_OBJC_IMPLEMENTATIONS = YES;
				CLANG_WARN_DIRECT_OBJC_ISA_USAGE = YES_ERROR;
				CLANG_WARN_DOCUMENTATION_COMMENTS = YES;
				CLANG_WARN_EMPTY_BODY = YES;
				CLANG_WARN_ENUM_CONVERSION = YES;
				CLANG_WARN_INFINITE_RECURSION = YES;
				CLANG_WARN_INT_CONVERSION = YES;
				CLANG_WARN_NON_LITERAL_NULL_CONVERSION = YES;
				CLANG_WARN_OBJC_IMPLICIT_RETAIN_SELF = YES;
				CLANG_WARN_OBJC_LITERAL_CONVERSION = YES;
				CLANG_WARN_OBJC_ROOT_CLASS = YES_ERROR;
				CLANG_WARN_RANGE_LOOP_ANALYSIS = YES;
				CLANG_WARN_STRICT_PROTOTYPES = YES;
				CLANG_WARN_SUSPICIOUS_MOVE = YES;
				CLANG_WARN_UNGUARDED_AVAILABILITY = YES_AGGRESSIVE;
				CLANG_WARN_UNREACHABLE_CODE = YES;
				CLANG_WARN__DUPLICATE_METHOD_MATCH = YES;
				COPY_PHASE_STRIP = NO;
				DEBUG_INFORMATION_FORMAT = "dwarf-with-dsym";
				ENABLE_NS_ASSERTIONS = NO;
				ENABLE_STRICT_OBJC_MSGSEND = YES;
				GCC_C_LANGUAGE_STANDARD = gnu11;
				GCC_NO_COMMON_BLOCKS = YES;
				GCC_WARN_64_TO_32_BIT_CONVERSION = YES;
				GCC_WARN_ABOUT_RETURN_TYPE = YES_ERROR;
				GCC_WARN_UNDECLARED_SELECTOR = YES;
				GCC_WARN_UNINITIALIZED_AUTOS = YES_AGGRESSIVE;
				GCC_WARN_UNUSED_FUNCTION = YES;
				GCC_WARN_UNUSED_VARIABLE = YES;
				IPHONEOS_DEPLOYMENT_TARGET = 13.2;
				MTL_ENABLE_DEBUG_INFO = NO;
				MTL_FAST_MATH = YES;
				SDKROOT = iphoneos;
				SWIFT_COMPILATION_MODE = wholemodule;
				SWIFT_OPTIMIZATION_LEVEL = "-O";
				VALIDATE_PRODUCT = YES;
			};
			name = Release;
		};
		30B545BB241A703400341D94 /* Debug */ = {
			isa = XCBuildConfiguration;
			buildSettings = {
				ASSETCATALOG_COMPILER_APPICON_NAME = AppIcon;
				CODE_SIGN_STYLE = Automatic;
				DEVELOPMENT_TEAM = 5F3426985K;
				INFOPLIST_FILE = NewsApp/Info.plist;
				LD_RUNPATH_SEARCH_PATHS = (
					"$(inherited)",
					"@executable_path/Frameworks",
				);
				PRODUCT_BUNDLE_IDENTIFIER = com.leandro.NewsApp;
				PRODUCT_NAME = "$(TARGET_NAME)";
				SWIFT_VERSION = 5.0;
				TARGETED_DEVICE_FAMILY = "1,2";
			};
			name = Debug;
		};
		30B545BC241A703400341D94 /* Release */ = {
			isa = XCBuildConfiguration;
			buildSettings = {
				ASSETCATALOG_COMPILER_APPICON_NAME = AppIcon;
				CODE_SIGN_STYLE = Automatic;
				DEVELOPMENT_TEAM = 5F3426985K;
				INFOPLIST_FILE = NewsApp/Info.plist;
				LD_RUNPATH_SEARCH_PATHS = (
					"$(inherited)",
					"@executable_path/Frameworks",
				);
				PRODUCT_BUNDLE_IDENTIFIER = com.leandro.NewsApp;
				PRODUCT_NAME = "$(TARGET_NAME)";
				SWIFT_VERSION = 5.0;
				TARGETED_DEVICE_FAMILY = "1,2";
			};
			name = Release;
		};
/* End XCBuildConfiguration section */

/* Begin XCConfigurationList section */
		30B545A1241A703200341D94 /* Build configuration list for PBXProject "NewsApp" */ = {
			isa = XCConfigurationList;
			buildConfigurations = (
				30B545B8241A703400341D94 /* Debug */,
				30B545B9241A703400341D94 /* Release */,
			);
			defaultConfigurationIsVisible = 0;
			defaultConfigurationName = Release;
		};
		30B545BA241A703400341D94 /* Build configuration list for PBXNativeTarget "NewsApp" */ = {
			isa = XCConfigurationList;
			buildConfigurations = (
				30B545BB241A703400341D94 /* Debug */,
				30B545BC241A703400341D94 /* Release */,
			);
			defaultConfigurationIsVisible = 0;
			defaultConfigurationName = Release;
		};
/* End XCConfigurationList section */
	};
	rootObject = 30B5459E241A703200341D94 /* Project object */;
}
